
Microsoft Visual Studio Solution File, Format Version 12.00
# Visual Studio Version 17
VisualStudioVersion = 17.9.34622.214
MinimumVisualStudioVersion = 10.0.40219.1
Project("{9A19103F-16F7-4668-BE54-9A1E7A4F7556}") = "Katlen.WEB", "Katlen.WEB\Katlen.WEB.csproj", "{4A768408-D919-42A0-A6DC-4B115B340401}"
EndProject
Project("{9A19103F-16F7-4668-BE54-9A1E7A4F7556}") = "Katlen.DAL", "Katlen.DAL\Katlen.DAL.csproj", "{95DEF4DC-1D29-41D2-9EFF-88B6300A07C8}"
EndProject
Project("{9A19103F-16F7-4668-BE54-9A1E7A4F7556}") = "Katlen.BLL", "Katlen.BLL\Katlen.BLL.csproj", "{DE79B9D0-8D34-4FCC-8E1D-1A5483CFF06F}"
EndProject
Global
	GlobalSection(SolutionConfigurationPlatforms) = preSolution
		Debug|Any CPU = Debug|Any CPU
		Release|Any CPU = Release|Any CPU
	EndGlobalSection
	GlobalSection(ProjectConfigurationPlatforms) = postSolution
		{4A768408-D919-42A0-A6DC-4B115B340401}.Debug|Any CPU.ActiveCfg = Debug|Any CPU
		{4A768408-D919-42A0-A6DC-4B115B340401}.Debug|Any CPU.Build.0 = Debug|Any CPU
		{4A768408-D919-42A0-A6DC-4B115B340401}.Release|Any CPU.ActiveCfg = Release|Any CPU
		{4A768408-D919-42A0-A6DC-4B115B340401}.Release|Any CPU.Build.0 = Release|Any CPU
		{95DEF4DC-1D29-41D2-9EFF-88B6300A07C8}.Debug|Any CPU.ActiveCfg = Debug|Any CPU
		{95DEF4DC-1D29-41D2-9EFF-88B6300A07C8}.Debug|Any CPU.Build.0 = Debug|Any CPU
		{95DEF4DC-1D29-41D2-9EFF-88B6300A07C8}.Release|Any CPU.ActiveCfg = Release|Any CPU
		{95DEF4DC-1D29-41D2-9EFF-88B6300A07C8}.Release|Any CPU.Build.0 = Release|Any CPU
		{DE79B9D0-8D34-4FCC-8E1D-1A5483CFF06F}.Debug|Any CPU.ActiveCfg = Debug|Any CPU
		{DE79B9D0-8D34-4FCC-8E1D-1A5483CFF06F}.Debug|Any CPU.Build.0 = Debug|Any CPU
		{DE79B9D0-8D34-4FCC-8E1D-1A5483CFF06F}.Release|Any CPU.ActiveCfg = Release|Any CPU
		{DE79B9D0-8D34-4FCC-8E1D-1A5483CFF06F}.Release|Any CPU.Build.0 = Release|Any CPU
	EndGlobalSection
	GlobalSection(SolutionProperties) = preSolution
		HideSolutionNode = FALSE
	EndGlobalSection
	GlobalSection(ExtensibilityGlobals) = postSolution
		SolutionGuid = {44A84FBF-2A80-40A5-A366-05F71B621360}
	EndGlobalSection
EndGlobal
